// !$*UTF8*$!
{
	archiveVersion = 1;
	classes = {
	};
	objectVersion = 50;
	objects = {

/* Begin PBXBuildFile section */
		E43634B72363E373000D37A1 /* AppDelegate.swift in Sources */ = {isa = PBXBuildFile; fileRef = E43634B62363E373000D37A1 /* AppDelegate.swift */; };
		E43634B92363E373000D37A1 /* SceneDelegate.swift in Sources */ = {isa = PBXBuildFile; fileRef = E43634B82363E373000D37A1 /* SceneDelegate.swift */; };
		E43634BB2363E373000D37A1 /* ViewController.swift in Sources */ = {isa = PBXBuildFile; fileRef = E43634BA2363E373000D37A1 /* ViewController.swift */; };
		E43634BE2363E373000D37A1 /* Main.storyboard in Resources */ = {isa = PBXBuildFile; fileRef = E43634BC2363E373000D37A1 /* Main.storyboard */; };
		E43634C02363E374000D37A1 /* Assets.xcassets in Resources */ = {isa = PBXBuildFile; fileRef = E43634BF2363E374000D37A1 /* Assets.xcassets */; };
		E43634C32363E374000D37A1 /* LaunchScreen.storyboard in Resources */ = {isa = PBXBuildFile; fileRef = E43634C12363E374000D37A1 /* LaunchScreen.storyboard */; };
		E43634CC2363E393000D37A1 /* property_wrappers_codable_multifile_other.swift in Sources */ = {isa = PBXBuildFile; fileRef = E43634CA2363E393000D37A1 /* property_wrappers_codable_multifile_other.swift */; };
/* End PBXBuildFile section */

/* Begin PBXFileReference section */
		E43634B32363E373000D37A1 /* TestPropertyWrapper.app */ = {isa = PBXFileReference; explicitFileType = wrapper.application; includeInIndex = 0; path = TestPropertyWrapper.app; sourceTree = BUILT_PRODUCTS_DIR; };
		E43634B62363E373000D37A1 /* AppDelegate.swift */ = {isa = PBXFileReference; lastKnownFileType = sourcecode.swift; path = AppDelegate.swift; sourceTree = "<group>"; };
		E43634B82363E373000D37A1 /* SceneDelegate.swift */ = {isa = PBXFileReference; lastKnownFileType = sourcecode.swift; path = SceneDelegate.swift; sourceTree = "<group>"; };
		E43634BA2363E373000D37A1 /* ViewController.swift */ = {isa = PBXFileReference; lastKnownFileType = sourcecode.swift; path = ViewController.swift; sourceTree = "<group>"; };
		E43634BD2363E373000D37A1 /* Base */ = {isa = PBXFileReference; lastKnownFileType = file.storyboard; name = Base; path = Base.lproj/Main.storyboard; sourceTree = "<group>"; };
		E43634BF2363E374000D37A1 /* Assets.xcassets */ = {isa = PBXFileReference; lastKnownFileType = folder.assetcatalog; path = Assets.xcassets; sourceTree = "<group>"; };
		E43634C22363E374000D37A1 /* Base */ = {isa = PBXFileReference; lastKnownFileType = file.storyboard; name = Base; path = Base.lproj/LaunchScreen.storyboard; sourceTree = "<group>"; };
		E43634C42363E374000D37A1 /* Info.plist */ = {isa = PBXFileReference; lastKnownFileType = text.plist.xml; path = Info.plist; sourceTree = "<group>"; };
		E43634CA2363E393000D37A1 /* property_wrappers_codable_multifile_other.swift */ = {isa = PBXFileReference; fileEncoding = 4; lastKnownFileType = sourcecode.swift; path = property_wrappers_codable_multifile_other.swift; sourceTree = "<group>"; };
/* End PBXFileReference section */

/* Begin PBXFrameworksBuildPhase section */
		E43634B02363E373000D37A1 /* Frameworks */ = {
			isa = PBXFrameworksBuildPhase;
			buildActionMask = 2147483647;
			files = (
			);
			runOnlyForDeploymentPostprocessing = 0;
		};
/* End PBXFrameworksBuildPhase section */

/* Begin PBXGroup section */
		E43634AA2363E373000D37A1 = {
			isa = PBXGroup;
			children = (
				E43634B52363E373000D37A1 /* TestPropertyWrapper */,
				E43634B42363E373000D37A1 /* Products */,
			);
			sourceTree = "<group>";
		};
		E43634B42363E373000D37A1 /* Products */ = {
			isa = PBXGroup;
			children = (
				E43634B32363E373000D37A1 /* TestPropertyWrapper.app */,
			);
			name = Products;
			sourceTree = "<group>";
		};
		E43634B52363E373000D37A1 /* TestPropertyWrapper */ = {
			isa = PBXGroup;
			children = (
				E43634C42363E374000D37A1 /* Info.plist */,
				E43634B62363E373000D37A1 /* AppDelegate.swift */,
				E43634CA2363E393000D37A1 /* property_wrappers_codable_multifile_other.swift */,
				E43634B82363E373000D37A1 /* SceneDelegate.swift */,
				E43634BA2363E373000D37A1 /* ViewController.swift */,
				E43634BF2363E374000D37A1 /* Assets.xcassets */,
				E43634C12363E374000D37A1 /* LaunchScreen.storyboard */,
				E43634BC2363E373000D37A1 /* Main.storyboard */,
			);
			path = TestPropertyWrapper;
			sourceTree = "<group>";
		};
/* End PBXGroup section */

/* Begin PBXNativeTarget section */
		E43634B22363E373000D37A1 /* TestPropertyWrapper */ = {
			isa = PBXNativeTarget;
			buildConfigurationList = E43634C72363E374000D37A1 /* Build configuration list for PBXNativeTarget "TestPropertyWrapper" */;
			buildPhases = (
				E43634AF2363E373000D37A1 /* Sources */,
				E43634B02363E373000D37A1 /* Frameworks */,
				E43634B12363E373000D37A1 /* Resources */,
			);
			buildRules = (
			);
			dependencies = (
			);
			name = TestPropertyWrapper;
			productName = TestPropertyWrapper;
			productReference = E43634B32363E373000D37A1 /* TestPropertyWrapper.app */;
			productType = "com.apple.product-type.application";
		};
/* End PBXNativeTarget section */

/* Begin PBXProject section */
		E43634AB2363E373000D37A1 /* Project object */ = {
			isa = PBXProject;
			attributes = {
				LastSwiftUpdateCheck = 1110;
				LastUpgradeCheck = 1110;
				ORGANIZATIONNAME = cico;
				TargetAttributes = {
					E43634B22363E373000D37A1 = {
						CreatedOnToolsVersion = 11.1;
					};
				};
			};
			buildConfigurationList = E43634AE2363E373000D37A1 /* Build configuration list for PBXProject "TestPropertyWrapper" */;
			compatibilityVersion = "Xcode 9.3";
			developmentRegion = en;
			hasScannedForEncodings = 0;
			knownRegions = (
				en,
				Base,
			);
			mainGroup = E43634AA2363E373000D37A1;
			productRefGroup = E43634B42363E373000D37A1 /* Products */;
			projectDirPath = "";
			projectRoot = "";
			targets = (
				E43634B22363E373000D37A1 /* TestPropertyWrapper */,
			);
		};
/* End PBXProject section */

/* Begin PBXResourcesBuildPhase section */
		E43634B12363E373000D37A1 /* Resources */ = {
			isa = PBXResourcesBuildPhase;
			buildActionMask = 2147483647;
			files = (
				E43634C32363E374000D37A1 /* LaunchScreen.storyboard in Resources */,
				E43634C02363E374000D37A1 /* Assets.xcassets in Resources */,
				E43634BE2363E373000D37A1 /* Main.storyboard in Resources */,
			);
			runOnlyForDeploymentPostprocessing = 0;
		};
/* End PBXResourcesBuildPhase section */

/* Begin PBXSourcesBuildPhase section */
		E43634AF2363E373000D37A1 /* Sources */ = {
			isa = PBXSourcesBuildPhase;
			buildActionMask = 2147483647;
			files = (
				E43634BB2363E373000D37A1 /* ViewController.swift in Sources */,
				E43634B72363E373000D37A1 /* AppDelegate.swift in Sources */,
				E43634CC2363E393000D37A1 /* property_wrappers_codable_multifile_other.swift in Sources */,
				E43634B92363E373000D37A1 /* SceneDelegate.swift in Sources */,
			);
			runOnlyForDeploymentPostprocessing = 0;
		};
/* End PBXSourcesBuildPhase section */

/* Begin PBXVariantGroup section */
		E43634BC2363E373000D37A1 /* Main.storyboard */ = {
			isa = PBXVariantGroup;
			children = (
				E43634BD2363E373000D37A1 /* Base */,
			);
			name = Main.storyboard;
			sourceTree = "<group>";
		};
		E43634C12363E374000D37A1 /* LaunchScreen.storyboard */ = {
			isa = PBXVariantGroup;
			children = (
				E43634C22363E374000D37A1 /* Base */,
			);
			name = LaunchScreen.storyboard;
			sourceTree = "<group>";
		};
/* End PBXVariantGroup section */

/* Begin XCBuildConfiguration section */
		E43634C52363E374000D37A1 /* Debug */ = {
			isa = XCBuildConfiguration;
			buildSettings = {
				ALWAYS_SEARCH_USER_PATHS = NO;
				CLANG_ANALYZER_NONNULL = YES;
				CLANG_ANALYZER_NUMBER_OBJECT_CONVERSION = YES_AGGRESSIVE;
				CLANG_CXX_LANGUAGE_STANDARD = "gnu++14";
				CLANG_CXX_LIBRARY = "libc++";
				CLANG_ENABLE_MODULES = YES;
				CLANG_ENABLE_OBJC_ARC = YES;
				CLANG_ENABLE_OBJC_WEAK = YES;
				CLANG_WARN_BLOCK_CAPTURE_AUTORELEASING = YES;
				CLANG_WARN_BOOL_CONVERSION = YES;
				CLANG_WARN_COMMA = YES;
				CLANG_WARN_CONSTANT_CONVERSION = YES;
				CLANG_WARN_DEPRECATED_OBJC_IMPLEMENTATIONS = YES;
				CLANG_WARN_DIRECT_OBJC_ISA_USAGE = YES_ERROR;
				CLANG_WARN_DOCUMENTATION_COMMENTS = YES;
				CLANG_WARN_EMPTY_BODY = YES;
				CLANG_WARN_ENUM_CONVERSION = YES;
				CLANG_WARN_INFINITE_RECURSION = YES;
				CLANG_WARN_INT_CONVERSION = YES;
				CLANG_WARN_NON_LITERAL_NULL_CONVERSION = YES;
				CLANG_WARN_OBJC_IMPLICIT_RETAIN_SELF = YES;
				CLANG_WARN_OBJC_LITERAL_CONVERSION = YES;
				CLANG_WARN_OBJC_ROOT_CLASS = YES_ERROR;
				CLANG_WARN_RANGE_LOOP_ANALYSIS = YES;
				CLANG_WARN_STRICT_PROTOTYPES = YES;
				CLANG_WARN_SUSPICIOUS_MOVE = YES;
				CLANG_WARN_UNGUARDED_AVAILABILITY = YES_AGGRESSIVE;
				CLANG_WARN_UNREACHABLE_CODE = YES;
				CLANG_WARN__DUPLICATE_METHOD_MATCH = YES;
				COPY_PHASE_STRIP = NO;
				DEBUG_INFORMATION_FORMAT = dwarf;
				ENABLE_STRICT_OBJC_MSGSEND = YES;
				ENABLE_TESTABILITY = YES;
				GCC_C_LANGUAGE_STANDARD = gnu11;
				GCC_DYNAMIC_NO_PIC = NO;
				GCC_NO_COMMON_BLOCKS = YES;
				GCC_OPTIMIZATION_LEVEL = 0;
				GCC_PREPROCESSOR_DEFINITIONS = (
					"DEBUG=1",
					"$(inherited)",
				);
				GCC_WARN_64_TO_32_BIT_CONVERSION = YES;
				GCC_WARN_ABOUT_RETURN_TYPE = YES_ERROR;
				GCC_WARN_UNDECLARED_SELECTOR = YES;
				GCC_WARN_UNINITIALIZED_AUTOS = YES_AGGRESSIVE;
				GCC_WARN_UNUSED_FUNCTION = YES;
				GCC_WARN_UNUSED_VARIABLE = YES;
				IPHONEOS_DEPLOYMENT_TARGET = 13.1;
				MTL_ENABLE_DEBUG_INFO = INCLUDE_SOURCE;
				MTL_FAST_MATH = YES;
				ONLY_ACTIVE_ARCH = YES;
				SDKROOT = iphoneos;
				SWIFT_ACTIVE_COMPILATION_CONDITIONS = DEBUG;
				SWIFT_OPTIMIZATION_LEVEL = "-Onone";
			};
			name = Debug;
		};
		E43634C62363E374000D37A1 /* Release */ = {
			isa = XCBuildConfiguration;
			buildSettings = {
				ALWAYS_SEARCH_USER_PATHS = NO;
				CLANG_ANALYZER_NONNULL = YES;
				CLANG_ANALYZER_NUMBER_OBJECT_CONVERSION = YES_AGGRESSIVE;
				CLANG_CXX_LANGUAGE_STANDARD = "gnu++14";
				CLANG_CXX_LIBRARY = "libc++";
				CLANG_ENABLE_MODULES = YES;
				CLANG_ENABLE_OBJC_ARC = YES;
				CLANG_ENABLE_OBJC_WEAK = YES;
				CLANG_WARN_BLOCK_CAPTURE_AUTORELEASING = YES;
				CLANG_WARN_BOOL_CONVERSION = YES;
				CLANG_WARN_COMMA = YES;
				CLANG_WARN_CONSTANT_CONVERSION = YES;
				CLANG_WARN_DEPRECATED_OBJC_IMPLEMENTATIONS = YES;
				CLANG_WARN_DIRECT_OBJC_ISA_USAGE = YES_ERROR;
				CLANG_WARN_DOCUMENTATION_COMMENTS = YES;
				CLANG_WARN_EMPTY_BODY = YES;
				CLANG_WARN_ENUM_CONVERSION = YES;
				CLANG_WARN_INFINITE_RECURSION = YES;
				CLANG_WARN_INT_CONVERSION = YES;
				CLANG_WARN_NON_LITERAL_NULL_CONVERSION = YES;
				CLANG_WARN_OBJC_IMPLICIT_RETAIN_SELF = YES;
				CLANG_WARN_OBJC_LITERAL_CONVERSION = YES;
				CLANG_WARN_OBJC_ROOT_CLASS = YES_ERROR;
				CLANG_WARN_RANGE_LOOP_ANALYSIS = YES;
				CLANG_WARN_STRICT_PROTOTYPES = YES;
				CLANG_WARN_SUSPICIOUS_MOVE = YES;
				CLANG_WARN_UNGUARDED_AVAILABILITY = YES_AGGRESSIVE;
				CLANG_WARN_UNREACHABLE_CODE = YES;
				CLANG_WARN__DUPLICATE_METHOD_MATCH = YES;
				COPY_PHASE_STRIP = NO;
				DEBUG_INFORMATION_FORMAT = "dwarf-with-dsym";
				ENABLE_NS_ASSERTIONS = NO;
				ENABLE_STRICT_OBJC_MSGSEND = YES;
				GCC_C_LANGUAGE_STANDARD = gnu11;
				GCC_NO_COMMON_BLOCKS = YES;
				GCC_WARN_64_TO_32_BIT_CONVERSION = YES;
				GCC_WARN_ABOUT_RETURN_TYPE = YES_ERROR;
				GCC_WARN_UNDECLARED_SELECTOR = YES;
				GCC_WARN_UNINITIALIZED_AUTOS = YES_AGGRESSIVE;
				GCC_WARN_UNUSED_FUNCTION = YES;
				GCC_WARN_UNUSED_VARIABLE = YES;
				IPHONEOS_DEPLOYMENT_TARGET = 13.1;
				MTL_ENABLE_DEBUG_INFO = NO;
				MTL_FAST_MATH = YES;
				SDKROOT = iphoneos;
				SWIFT_COMPILATION_MODE = wholemodule;
				SWIFT_OPTIMIZATION_LEVEL = "-O";
				VALIDATE_PRODUCT = YES;
			};
			name = Release;
		};
		E43634C82363E374000D37A1 /* Debug */ = {
			isa = XCBuildConfiguration;
			buildSettings = {
				ASSETCATALOG_COMPILER_APPICON_NAME = AppIcon;
				CODE_SIGN_STYLE = Automatic;
				INFOPLIST_FILE = TestPropertyWrapper/Info.plist;
				LD_RUNPATH_SEARCH_PATHS = (
					"$(inherited)",
					"@executable_path/Frameworks",
				);
				PRODUCT_BUNDLE_IDENTIFIER = com.cico.TestPropertyWrapper;
				PRODUCT_NAME = "$(TARGET_NAME)";
				SWIFT_VERSION = 5.0;
				TARGETED_DEVICE_FAMILY = "1,2";
			};
			name = Debug;
		};
		E43634C92363E374000D37A1 /* Release */ = {
			isa = XCBuildConfiguration;
			buildSettings = {
				ASSETCATALOG_COMPILER_APPICON_NAME = AppIcon;
				CODE_SIGN_STYLE = Automatic;
				INFOPLIST_FILE = TestPropertyWrapper/Info.plist;
				LD_RUNPATH_SEARCH_PATHS = (
					"$(inherited)",
					"@executable_path/Frameworks",
				);
				PRODUCT_BUNDLE_IDENTIFIER = com.cico.TestPropertyWrapper;
				PRODUCT_NAME = "$(TARGET_NAME)";
				SWIFT_VERSION = 5.0;
				TARGETED_DEVICE_FAMILY = "1,2";
			};
			name = Release;
		};
/* End XCBuildConfiguration section */

/* Begin XCConfigurationList section */
		E43634AE2363E373000D37A1 /* Build configuration list for PBXProject "TestPropertyWrapper" */ = {
			isa = XCConfigurationList;
			buildConfigurations = (
				E43634C52363E374000D37A1 /* Debug */,
				E43634C62363E374000D37A1 /* Release */,
			);
			defaultConfigurationIsVisible = 0;
			defaultConfigurationName = Release;
		};
		E43634C72363E374000D37A1 /* Build configuration list for PBXNativeTarget "TestPropertyWrapper" */ = {
			isa = XCConfigurationList;
			buildConfigurations = (
				E43634C82363E374000D37A1 /* Debug */,
				E43634C92363E374000D37A1 /* Release */,
			);
			defaultConfigurationIsVisible = 0;
			defaultConfigurationName = Release;
		};
/* End XCConfigurationList section */
	};
	rootObject = E43634AB2363E373000D37A1 /* Project object */;
}
